
Microsoft Visual Studio Solution File, Format Version 12.00
# Visual Studio Version 16
VisualStudioVersion = 16.0.29728.190
MinimumVisualStudioVersion = 10.0.40219.1
Project("{FAE04EC0-301F-11D3-BF4B-00C04F79EFBC}") = "BookListRazor", "BookListRazor\BookListRazor.csproj", "{7CBF8FCD-102F-488B-8420-6D95BFD881C3}"
EndProject
Global
	GlobalSection(SolutionConfigurationPlatforms) = preSolution
		Debug|Any CPU = Debug|Any CPU
		Release|Any CPU = Release|Any CPU
	EndGlobalSection
	GlobalSection(ProjectConfigurationPlatforms) = postSolution
		{7CBF8FCD-102F-488B-8420-6D95BFD881C3}.Debug|Any CPU.ActiveCfg = Debug|Any CPU
		{7CBF8FCD-102F-488B-8420-6D95BFD881C3}.Debug|Any CPU.Build.0 = Debug|Any CPU
		{7CBF8FCD-102F-488B-8420-6D95BFD881C3}.Release|Any CPU.ActiveCfg = Release|Any CPU
		{7CBF8FCD-102F-488B-8420-6D95BFD881C3}.Release|Any CPU.Build.0 = Release|Any CPU
	EndGlobalSection
	GlobalSection(SolutionProperties) = preSolution
		HideSolutionNode = FALSE
	EndGlobalSection
	GlobalSection(ExtensibilityGlobals) = postSolution
		SolutionGuid = {F5B58055-0887-4BDB-9682-405306A0E030}
	EndGlobalSection
EndGlobal
